
Microsoft Visual Studio Solution File, Format Version 12.00
# Visual Studio Version 17
VisualStudioVersion = 17.14.36408.4 d17.14
MinimumVisualStudioVersion = 10.0.40219.1
Project("{FAE04EC0-301F-11D3-BF4B-00C04F79EFBC}") = "GradingSystem", "GradingSystem\GradingSystem.csproj", "{8DC24CD4-A782-4D0D-8C8E-11C11FDB066C}"
EndProject
Global
	GlobalSection(SolutionConfigurationPlatforms) = preSolution
		Debug|Any CPU = Debug|Any CPU
		Release|Any CPU = Release|Any CPU
	EndGlobalSection
	GlobalSection(ProjectConfigurationPlatforms) = postSolution
		{8DC24CD4-A782-4D0D-8C8E-11C11FDB066C}.Debug|Any CPU.ActiveCfg = Debug|Any CPU
		{8DC24CD4-A782-4D0D-8C8E-11C11FDB066C}.Debug|Any CPU.Build.0 = Debug|Any CPU
		{8DC24CD4-A782-4D0D-8C8E-11C11FDB066C}.Release|Any CPU.ActiveCfg = Release|Any CPU
		{8DC24CD4-A782-4D0D-8C8E-11C11FDB066C}.Release|Any CPU.Build.0 = Release|Any CPU
	EndGlobalSection
	GlobalSection(SolutionProperties) = preSolution
		HideSolutionNode = FALSE
	EndGlobalSection
	GlobalSection(ExtensibilityGlobals) = postSolution
		SolutionGuid = {A353B7AA-AF6F-4530-8751-EAC3B46EEDC4}
	EndGlobalSection
EndGlobal
