
Microsoft Visual Studio Solution File, Format Version 12.00
# Visual Studio Version 17
VisualStudioVersion = 17.14.36408.4 d17.14
MinimumVisualStudioVersion = 10.0.40219.1
Project("{FAE04EC0-301F-11D3-BF4B-00C04F79EFBC}") = "Unit Converter", "Unit Converter\Unit Converter.csproj", "{1F34DEC0-4B9F-4DC0-B5BA-028829859EAC}"
EndProject
Global
	GlobalSection(SolutionConfigurationPlatforms) = preSolution
		Debug|Any CPU = Debug|Any CPU
		Release|Any CPU = Release|Any CPU
	EndGlobalSection
	GlobalSection(ProjectConfigurationPlatforms) = postSolution
		{1F34DEC0-4B9F-4DC0-B5BA-028829859EAC}.Debug|Any CPU.ActiveCfg = Debug|Any CPU
		{1F34DEC0-4B9F-4DC0-B5BA-028829859EAC}.Debug|Any CPU.Build.0 = Debug|Any CPU
		{1F34DEC0-4B9F-4DC0-B5BA-028829859EAC}.Release|Any CPU.ActiveCfg = Release|Any CPU
		{1F34DEC0-4B9F-4DC0-B5BA-028829859EAC}.Release|Any CPU.Build.0 = Release|Any CPU
	EndGlobalSection
	GlobalSection(SolutionProperties) = preSolution
		HideSolutionNode = FALSE
	EndGlobalSection
	GlobalSection(ExtensibilityGlobals) = postSolution
		SolutionGuid = {5377D354-EC3A-4DC3-BE25-4AE1EFD45ABF}
	EndGlobalSection
EndGlobal
